
Microsoft Visual Studio Solution File, Format Version 12.00
# Visual Studio 15
VisualStudioVersion = 15.0.28010.2046
MinimumVisualStudioVersion = 10.0.40219.1
Project("{F184B08F-C81C-45F6-A57F-5ABD9991F28F}") = "InstaPioneer", "InstaPioneer\InstaPioneer.vbproj", "{65D0E68B-82B8-41D8-9AEE-36D37BBB7966}"
EndProject
Global
	GlobalSection(SolutionConfigurationPlatforms) = preSolution
		Debug|Any CPU = Debug|Any CPU
		Release|Any CPU = Release|Any CPU
	EndGlobalSection
	GlobalSection(ProjectConfigurationPlatforms) = postSolution
		{65D0E68B-82B8-41D8-9AEE-36D37BBB7966}.Debug|Any CPU.ActiveCfg = Debug|Any CPU
		{65D0E68B-82B8-41D8-9AEE-36D37BBB7966}.Debug|Any CPU.Build.0 = Debug|Any CPU
		{65D0E68B-82B8-41D8-9AEE-36D37BBB7966}.Release|Any CPU.ActiveCfg = Release|Any CPU
		{65D0E68B-82B8-41D8-9AEE-36D37BBB7966}.Release|Any CPU.Build.0 = Release|Any CPU
	EndGlobalSection
	GlobalSection(SolutionProperties) = preSolution
		HideSolutionNode = FALSE
	EndGlobalSection
	GlobalSection(ExtensibilityGlobals) = postSolution
		SolutionGuid = {E3D10D6B-F1C7-4019-8B5F-17E0E4AFD2E7}
	EndGlobalSection
EndGlobal
